
Microsoft Visual Studio Solution File, Format Version 12.00
# Visual Studio Version 17
VisualStudioVersion = 17.11.35219.272
MinimumVisualStudioVersion = 10.0.40219.1
Project("{FAE04EC0-301F-11D3-BF4B-00C04F79EFBC}") = "GerenciadorDeBiblioteca.API", "GerenciadorDeBiblioteca.API.csproj", "{DAE00A96-89EA-4811-90F7-4C0145A627CF}"
EndProject
Global
	GlobalSection(SolutionConfigurationPlatforms) = preSolution
		Debug|Any CPU = Debug|Any CPU
		Release|Any CPU = Release|Any CPU
	EndGlobalSection
	GlobalSection(ProjectConfigurationPlatforms) = postSolution
		{DAE00A96-89EA-4811-90F7-4C0145A627CF}.Debug|Any CPU.ActiveCfg = Debug|Any CPU
		{DAE00A96-89EA-4811-90F7-4C0145A627CF}.Debug|Any CPU.Build.0 = Debug|Any CPU
		{DAE00A96-89EA-4811-90F7-4C0145A627CF}.Release|Any CPU.ActiveCfg = Release|Any CPU
		{DAE00A96-89EA-4811-90F7-4C0145A627CF}.Release|Any CPU.Build.0 = Release|Any CPU
	EndGlobalSection
	GlobalSection(SolutionProperties) = preSolution
		HideSolutionNode = FALSE
	EndGlobalSection
	GlobalSection(ExtensibilityGlobals) = postSolution
		SolutionGuid = {63A754BC-CC1A-48B9-AB28-752E45D68C43}
	EndGlobalSection
EndGlobal
